
Microsoft Visual Studio Solution File, Format Version 12.00
# Visual Studio Version 17
VisualStudioVersion = 17.14.36414.22 d17.14
MinimumVisualStudioVersion = 10.0.40219.1
Project("{FAE04EC0-301F-11D3-BF4B-00C04F79EFBC}") = "Akordide_arvutaja", "Akordide_arvutaja.csproj", "{9F0E87F3-EFD6-48B9-A928-5F04E6A66293}"
EndProject
Global
	GlobalSection(SolutionConfigurationPlatforms) = preSolution
		Debug|Any CPU = Debug|Any CPU
		Release|Any CPU = Release|Any CPU
	EndGlobalSection
	GlobalSection(ProjectConfigurationPlatforms) = postSolution
		{9F0E87F3-EFD6-48B9-A928-5F04E6A66293}.Debug|Any CPU.ActiveCfg = Debug|Any CPU
		{9F0E87F3-EFD6-48B9-A928-5F04E6A66293}.Debug|Any CPU.Build.0 = Debug|Any CPU
		{9F0E87F3-EFD6-48B9-A928-5F04E6A66293}.Release|Any CPU.ActiveCfg = Release|Any CPU
		{9F0E87F3-EFD6-48B9-A928-5F04E6A66293}.Release|Any CPU.Build.0 = Release|Any CPU
	EndGlobalSection
	GlobalSection(SolutionProperties) = preSolution
		HideSolutionNode = FALSE
	EndGlobalSection
	GlobalSection(ExtensibilityGlobals) = postSolution
		SolutionGuid = {A06A4B63-1903-4C28-93D2-A262F8E98D26}
	EndGlobalSection
EndGlobal
